{
  "lockfile_version": "1",
  "packages": {
    "postgresql@latest": {
      "last_modified": "2023-11-09T21:23:13Z",
      "plugin_version": "0.0.2",
      "resolved": "github:NixOS/nixpkgs/1f37660f64a850233baab512c9b9bd83fb72be57#postgresql",
      "source": "devbox-search",
      "version": "15.4",
      "systems": {
        "aarch64-darwin": {
          "store_path": "/nix/store/c5sg23x5rhwp62q3rr655j1zhx8s3ncp-postgresql-15.4"
        },
        "aarch64-linux": {
          "store_path": "/nix/store/205sa0v56qn8zg2h410fabgvmmxscva7-postgresql-15.4"
        },
        "x86_64-darwin": {
          "store_path": "/nix/store/78h0h3gbnvk4p64ajyik7kgxzkapxwvh-postgresql-15.4"
        },
        "x86_64-linux": {
          "store_path": "/nix/store/ahb6l0carh3yc6a5d4zdxsxf69sdhnhh-postgresql-15.4"
        }
      }
    }
  }
}
