{
  "lockfile_version": "1",
  "packages": {
    "flyctl@latest": {
      "last_modified": "2025-05-19T23:16:24Z",
      "resolved": "github:NixOS/nixpkgs/359c442b7d1f6229c1dc978116d32d6c07fe8440#flyctl",
      "source": "devbox-search",
      "version": "0.3.125",
      "systems": {
        "aarch64-darwin": {
          "outputs": [
            {
              "name": "out",
              "path": "/nix/store/pfb26fmfan90qiw198w0hrp89fqvdp3s-flyctl-0.3.125",
              "default": true
            }
          ],
          "store_path": "/nix/store/pfb26fmfan90qiw198w0hrp89fqvdp3s-flyctl-0.3.125"
        },
        "aarch64-linux": {
          "outputs": [
            {
              "name": "out",
              "path": "/nix/store/f07sw5gczmy9c0gc6dx37qf07n3rr3wr-flyctl-0.3.125",
              "default": true
            }
          ],
          "store_path": "/nix/store/f07sw5gczmy9c0gc6dx37qf07n3rr3wr-flyctl-0.3.125"
        },
        "x86_64-darwin": {
          "outputs": [
            {
              "name": "out",
              "path": "/nix/store/rwzvqmj1a2lcbhm8fi0rqdjyh3w4258i-flyctl-0.3.125",
              "default": true
            }
          ],
          "store_path": "/nix/store/rwzvqmj1a2lcbhm8fi0rqdjyh3w4258i-flyctl-0.3.125"
        },
        "x86_64-linux": {
          "outputs": [
            {
              "name": "out",
              "path": "/nix/store/1sr009m0rxzli6rs9wrkf5iaw0n0zp0z-flyctl-0.3.125",
              "default": true
            }
          ],
          "store_path": "/nix/store/1sr009m0rxzli6rs9wrkf5iaw0n0zp0z-flyctl-0.3.125"
        }
      }
    },
    "github:NixOS/nixpkgs/nixpkgs-unstable": {
      "resolved": "github:NixOS/nixpkgs/bdac72d387dca7f836f6ef1fe547755fb0e9df61?lastModified=1748186667&narHash=sha256-UQubDNIQ%2FZ42R8tPCIpY%2BBOhlxO8t8ZojwC9o2FW3c8%3D"
    },
    "glibcLocales@latest": {
      "last_modified": "2025-05-16T20:19:48Z",
      "resolved": "github:NixOS/nixpkgs/12a55407652e04dcf2309436eb06fef0d3713ef3#glibcLocales",
      "source": "devbox-search",
      "version": "2.40-66",
      "systems": {
        "aarch64-linux": {
          "outputs": [
            {
              "name": "out",
              "path": "/nix/store/2hb8s2i45cx30qqhayzzsfbg12k8d8fs-glibc-locales-2.40-66",
              "default": true
            }
          ],
          "store_path": "/nix/store/2hb8s2i45cx30qqhayzzsfbg12k8d8fs-glibc-locales-2.40-66"
        },
        "x86_64-linux": {
          "outputs": [
            {
              "name": "out",
              "path": "/nix/store/d91i3lzpkii5kabfx1kxvl3banc47min-glibc-locales-2.40-66",
              "default": true
            }
          ],
          "store_path": "/nix/store/d91i3lzpkii5kabfx1kxvl3banc47min-glibc-locales-2.40-66"
        }
      }
    },
    "heroku@latest": {
      "last_modified": "2025-05-16T20:19:48Z",
      "resolved": "github:NixOS/nixpkgs/12a55407652e04dcf2309436eb06fef0d3713ef3#heroku",
      "source": "devbox-search",
      "version": "10.6.1",
      "systems": {
        "aarch64-darwin": {
          "outputs": [
            {
              "name": "out",
              "path": "/nix/store/8rzk1yv7rsk7i7n0jjp74r5hvis0qyrp-heroku-10.6.1",
              "default": true
            }
          ],
          "store_path": "/nix/store/8rzk1yv7rsk7i7n0jjp74r5hvis0qyrp-heroku-10.6.1"
        },
        "aarch64-linux": {
          "outputs": [
            {
              "name": "out",
              "path": "/nix/store/640ik9i0gy5xk7b8y0bkbramab4bm053-heroku-10.6.1",
              "default": true
            }
          ],
          "store_path": "/nix/store/640ik9i0gy5xk7b8y0bkbramab4bm053-heroku-10.6.1"
        },
        "x86_64-darwin": {
          "outputs": [
            {
              "name": "out",
              "path": "/nix/store/gyhw7s7f1px98rhh471bxm78h6qcy8z8-heroku-10.6.1",
              "default": true
            }
          ],
          "store_path": "/nix/store/gyhw7s7f1px98rhh471bxm78h6qcy8z8-heroku-10.6.1"
        },
        "x86_64-linux": {
          "outputs": [
            {
              "name": "out",
              "path": "/nix/store/515982qvbh228cqmrkrbsz8b36nix4qr-heroku-10.6.1",
              "default": true
            }
          ],
          "store_path": "/nix/store/515982qvbh228cqmrkrbsz8b36nix4qr-heroku-10.6.1"
        }
      }
    },
    "nodejs@20": {
      "last_modified": "2025-05-19T23:16:24Z",
      "plugin_version": "0.0.2",
      "resolved": "github:NixOS/nixpkgs/359c442b7d1f6229c1dc978116d32d6c07fe8440#nodejs_20",
      "source": "devbox-search",
      "version": "20.19.2",
      "systems": {
        "aarch64-darwin": {
          "outputs": [
            {
              "name": "out",
              "path": "/nix/store/94chw39vss6h3pbjhh8bygiz0q477gzd-nodejs-20.19.2",
              "default": true
            },
            {
              "name": "dev",
              "path": "/nix/store/swzicw8mfidrka038zrmrx4lckk9k6zf-nodejs-20.19.2-dev"
            },
            {
              "name": "libv8",
              "path": "/nix/store/5m1fsrkl8xbz34ys87ggcsns8grdp30g-nodejs-20.19.2-libv8"
            }
          ],
          "store_path": "/nix/store/94chw39vss6h3pbjhh8bygiz0q477gzd-nodejs-20.19.2"
        },
        "aarch64-linux": {
          "outputs": [
            {
              "name": "out",
              "path": "/nix/store/gxw447rjm20g8jrzm2ccsqynx4bq2n1l-nodejs-20.19.2",
              "default": true
            },
            {
              "name": "dev",
              "path": "/nix/store/p05pi2gbvjvsr19si0fx17q1za84g9vg-nodejs-20.19.2-dev"
            },
            {
              "name": "libv8",
              "path": "/nix/store/j5rq19i98ssznln4cgfjg30kbmharzby-nodejs-20.19.2-libv8"
            }
          ],
          "store_path": "/nix/store/gxw447rjm20g8jrzm2ccsqynx4bq2n1l-nodejs-20.19.2"
        },
        "x86_64-darwin": {
          "outputs": [
            {
              "name": "out",
              "path": "/nix/store/bw8rnmhwkvipgcxjja0wi5mrjk0gvvkb-nodejs-20.19.2",
              "default": true
            },
            {
              "name": "dev",
              "path": "/nix/store/j5pww5w57s076b2mm5k4jm8grf2dviqa-nodejs-20.19.2-dev"
            },
            {
              "name": "libv8",
              "path": "/nix/store/kbwqyp27ljdc45lc2fv3j8vdd4m6l8py-nodejs-20.19.2-libv8"
            }
          ],
          "store_path": "/nix/store/bw8rnmhwkvipgcxjja0wi5mrjk0gvvkb-nodejs-20.19.2"
        },
        "x86_64-linux": {
          "outputs": [
            {
              "name": "out",
              "path": "/nix/store/4qx33yfkway214mhlgq3ph4gnfdp32ah-nodejs-20.19.2",
              "default": true
            },
            {
              "name": "dev",
              "path": "/nix/store/y85h8q99g1w8jdwiiz3i2zqmnl23rqhv-nodejs-20.19.2-dev"
            },
            {
              "name": "libv8",
              "path": "/nix/store/cikzmcbxfz97ym2jf76j843sh3z0x6r2-nodejs-20.19.2-libv8"
            }
          ],
          "store_path": "/nix/store/4qx33yfkway214mhlgq3ph4gnfdp32ah-nodejs-20.19.2"
        }
      }
    },
    "pnpm@latest": {
      "last_modified": "2025-05-16T20:19:48Z",
      "resolved": "github:NixOS/nixpkgs/12a55407652e04dcf2309436eb06fef0d3713ef3#pnpm",
      "source": "devbox-search",
      "version": "10.11.0",
      "systems": {
        "aarch64-darwin": {
          "outputs": [
            {
              "name": "out",
              "path": "/nix/store/b39q8x9cxlqq45zgvn9bqcv2f2633vhx-pnpm-10.11.0",
              "default": true
            }
          ],
          "store_path": "/nix/store/b39q8x9cxlqq45zgvn9bqcv2f2633vhx-pnpm-10.11.0"
        },
        "aarch64-linux": {
          "outputs": [
            {
              "name": "out",
              "path": "/nix/store/rvikpxf1ikq4dy7n64bw30hx2ig7zwjk-pnpm-10.11.0",
              "default": true
            }
          ],
          "store_path": "/nix/store/rvikpxf1ikq4dy7n64bw30hx2ig7zwjk-pnpm-10.11.0"
        },
        "x86_64-darwin": {
          "outputs": [
            {
              "name": "out",
              "path": "/nix/store/m4qnhm8ij69r70wf6qdbbhd9yw30pv00-pnpm-10.11.0",
              "default": true
            }
          ],
          "store_path": "/nix/store/m4qnhm8ij69r70wf6qdbbhd9yw30pv00-pnpm-10.11.0"
        },
        "x86_64-linux": {
          "outputs": [
            {
              "name": "out",
              "path": "/nix/store/29gsr1mhy2xgah3s86aqg7wspmvqjp4m-pnpm-10.11.0",
              "default": true
            }
          ],
          "store_path": "/nix/store/29gsr1mhy2xgah3s86aqg7wspmvqjp4m-pnpm-10.11.0"
        }
      }
    },
    "postgresql@16": {
      "last_modified": "2024-12-22T08:27:48Z",
      "plugin_version": "0.0.2",
      "resolved": "github:NixOS/nixpkgs/93ff48c9be84a76319dac293733df09bbbe3f25c#postgresql",
      "source": "devbox-search",
      "version": "16.5",
      "systems": {
        "aarch64-darwin": {
          "outputs": [
            {
              "name": "out",
              "path": "/nix/store/6l498xrh9z690js5zmd3p2ps0r00ri9p-postgresql-16.5",
              "default": true
            },
            {
              "name": "man",
              "path": "/nix/store/5yiw867cz810zi0z2yg5y794w2sy8kzq-postgresql-16.5-man",
              "default": true
            },
            {
              "name": "lib",
              "path": "/nix/store/c3a1ij8vyxv5fyg7qp6la2mn54jn84sn-postgresql-16.5-lib"
            },
            {
              "name": "dev",
              "path": "/nix/store/9mc2nq9m18x0l7c1gyasp064cf2894vx-postgresql-16.5-dev"
            },
            {
              "name": "doc",
              "path": "/nix/store/lxqw2xsh0vm11rcz5wayhskb8w9wjlih-postgresql-16.5-doc"
            }
          ],
          "store_path": "/nix/store/6l498xrh9z690js5zmd3p2ps0r00ri9p-postgresql-16.5"
        },
        "aarch64-linux": {
          "outputs": [
            {
              "name": "out",
              "path": "/nix/store/vjcavy1l0s1l0frjag900239cpmvj17f-postgresql-16.5",
              "default": true
            },
            {
              "name": "man",
              "path": "/nix/store/4l4a2044a6mb79sm46679ifappmj8vgc-postgresql-16.5-man",
              "default": true
            },
            {
              "name": "doc",
              "path": "/nix/store/1sa3z90r6hrcfsd4hy4rxbwzbw6aa4p6-postgresql-16.5-doc"
            },
            {
              "name": "lib",
              "path": "/nix/store/gr06jpjpxzqkpyyhg1f7v9mmy1f9qzgp-postgresql-16.5-lib"
            },
            {
              "name": "debug",
              "path": "/nix/store/zlw8cxkzf9a43mmplsp88dbjy8adbjkx-postgresql-16.5-debug"
            },
            {
              "name": "dev",
              "path": "/nix/store/8mbabq6zp86a1gm2nf109pa1dvgp8s02-postgresql-16.5-dev"
            }
          ],
          "store_path": "/nix/store/vjcavy1l0s1l0frjag900239cpmvj17f-postgresql-16.5"
        },
        "x86_64-darwin": {
          "outputs": [
            {
              "name": "out",
              "path": "/nix/store/808d9axcd5q934lsi3l5v3x8phks9wc4-postgresql-16.5",
              "default": true
            },
            {
              "name": "man",
              "path": "/nix/store/8njx7dcc3gj9j46cn5lfc8knd52hvl7k-postgresql-16.5-man",
              "default": true
            },
            {
              "name": "dev",
              "path": "/nix/store/pn22i14qpv3yxmaacd5yfcqxpqm3grlq-postgresql-16.5-dev"
            },
            {
              "name": "doc",
              "path": "/nix/store/kd05cfbhaiiihdx6kkrjdyrywgjzfnqj-postgresql-16.5-doc"
            },
            {
              "name": "lib",
              "path": "/nix/store/1gnp8q95nfjna56sllv66jbf6hshi6bd-postgresql-16.5-lib"
            }
          ],
          "store_path": "/nix/store/808d9axcd5q934lsi3l5v3x8phks9wc4-postgresql-16.5"
        },
        "x86_64-linux": {
          "outputs": [
            {
              "name": "out",
              "path": "/nix/store/0z5iwcvalafm3j2c5pfhllsfbxrbyzf4-postgresql-16.5",
              "default": true
            },
            {
              "name": "man",
              "path": "/nix/store/0q9yki1d9czy7i7mly8gy3ffjvc3hkqv-postgresql-16.5-man",
              "default": true
            },
            {
              "name": "debug",
              "path": "/nix/store/zvysixjns32iz6qlkr8s5b70cw50l0qy-postgresql-16.5-debug"
            },
            {
              "name": "dev",
              "path": "/nix/store/207n898zbi7mb5scjaf532v78c3rll9f-postgresql-16.5-dev"
            },
            {
              "name": "doc",
              "path": "/nix/store/7ip3havx020h3527y7cqdl8l39p3g67b-postgresql-16.5-doc"
            },
            {
              "name": "lib",
              "path": "/nix/store/qi2zbhdnzdci7i0a6g64mbkk8wnzznlh-postgresql-16.5-lib"
            }
          ],
          "store_path": "/nix/store/0z5iwcvalafm3j2c5pfhllsfbxrbyzf4-postgresql-16.5"
        }
      }
    },
    "powerline-rs@latest": {
      "last_modified": "2025-01-19T08:16:51Z",
      "resolved": "github:NixOS/nixpkgs/50165c4f7eb48ce82bd063e1fb8047a0f515f8ce#powerline-rs",
      "source": "devbox-search",
      "version": "0.2.0",
      "systems": {
        "aarch64-darwin": {
          "outputs": [
            {
              "name": "out",
              "path": "/nix/store/cbj33n0qs92lwkkw0hf84x5f2d70k9a8-powerline-rs-0.2.0",
              "default": true
            }
          ],
          "store_path": "/nix/store/cbj33n0qs92lwkkw0hf84x5f2d70k9a8-powerline-rs-0.2.0"
        },
        "aarch64-linux": {
          "outputs": [
            {
              "name": "out",
              "path": "/nix/store/1yryvxnyl7f6yzz6f0yaj57z6l9zrglw-powerline-rs-0.2.0",
              "default": true
            }
          ],
          "store_path": "/nix/store/1yryvxnyl7f6yzz6f0yaj57z6l9zrglw-powerline-rs-0.2.0"
        },
        "x86_64-darwin": {
          "outputs": [
            {
              "name": "out",
              "path": "/nix/store/9n4ikwbhyaf62011d765zdb585aqjx2x-powerline-rs-0.2.0",
              "default": true
            }
          ],
          "store_path": "/nix/store/9n4ikwbhyaf62011d765zdb585aqjx2x-powerline-rs-0.2.0"
        },
        "x86_64-linux": {
          "outputs": [
            {
              "name": "out",
              "path": "/nix/store/a4m427cy7md9fcqy4k4mxd3xyrlr3jm6-powerline-rs-0.2.0",
              "default": true
            }
          ],
          "store_path": "/nix/store/a4m427cy7md9fcqy4k4mxd3xyrlr3jm6-powerline-rs-0.2.0"
        }
      }
    },
    "python@3.12": {
      "last_modified": "2025-01-06T03:40:18Z",
      "plugin_version": "0.0.4",
      "resolved": "github:NixOS/nixpkgs/3df3c47c19dc90fec35359e89ffb52b34d2b0e94#python3",
      "source": "devbox-search",
      "version": "3.12.8",
      "systems": {
        "aarch64-darwin": {
          "outputs": [
            {
              "name": "out",
              "path": "/nix/store/8zc3wcplydp8gsxms24scpzdca438dk5-python3-3.12.8",
              "default": true
            }
          ],
          "store_path": "/nix/store/8zc3wcplydp8gsxms24scpzdca438dk5-python3-3.12.8"
        },
        "aarch64-linux": {
          "outputs": [
            {
              "name": "out",
              "path": "/nix/store/66pn6ysmvx675061xaq2vz93s9vdc5p4-python3-3.12.8",
              "default": true
            },
            {
              "name": "debug",
              "path": "/nix/store/brcg3a34fi45ffky63g5pqd22sksvq13-python3-3.12.8-debug"
            }
          ],
          "store_path": "/nix/store/66pn6ysmvx675061xaq2vz93s9vdc5p4-python3-3.12.8"
        },
        "x86_64-darwin": {
          "outputs": [
            {
              "name": "out",
              "path": "/nix/store/fpmkmdzgd1q7kqadc7czcjdhjj7bsc0i-python3-3.12.8",
              "default": true
            }
          ],
          "store_path": "/nix/store/fpmkmdzgd1q7kqadc7czcjdhjj7bsc0i-python3-3.12.8"
        },
        "x86_64-linux": {
          "outputs": [
            {
              "name": "out",
              "path": "/nix/store/c9m6yd8fg1flz2j5r4bif1ib5j20a0cy-python3-3.12.8",
              "default": true
            },
            {
              "name": "debug",
              "path": "/nix/store/cicfrcjr8pky8qd0gxw0x84ynyviy6b5-python3-3.12.8-debug"
            }
          ],
          "store_path": "/nix/store/c9m6yd8fg1flz2j5r4bif1ib5j20a0cy-python3-3.12.8"
        }
      }
    }
  }
}
